// !$*UTF8*$!
{
	archiveVersion = 1;
	classes = {
	};
	objectVersion = 56;
	objects = {

/* Begin PBXBuildFile section */
		BF63B350293A36020040D1C5 /* main.swift in Sources */ = {isa = PBXBuildFile; fileRef = BF63B34F293A36020040D1C5 /* main.swift */; };
		BF63B35D293B8DDF0040D1C5 /* day2.swift in Sources */ = {isa = PBXBuildFile; fileRef = BF63B35C293B8DDF0040D1C5 /* day2.swift */; };
		BF63B363293B952B0040D1C5 /* day1.swift in Sources */ = {isa = PBXBuildFile; fileRef = BF63B362293B952B0040D1C5 /* day1.swift */; };
		BF63B365293BD0720040D1C5 /* day3.swift in Sources */ = {isa = PBXBuildFile; fileRef = BF63B364293BD0720040D1C5 /* day3.swift */; };
		BF63B367293D1DBB0040D1C5 /* day4.swift in Sources */ = {isa = PBXBuildFile; fileRef = BF63B366293D1DBB0040D1C5 /* day4.swift */; };
		BF63B369293E94920040D1C5 /* day5.swift in Sources */ = {isa = PBXBuildFile; fileRef = BF63B368293E94920040D1C5 /* day5.swift */; };
		BF63B36B293FEF530040D1C5 /* day6.swift in Sources */ = {isa = PBXBuildFile; fileRef = BF63B36A293FEF520040D1C5 /* day6.swift */; };
		BF63B36D2942876D0040D1C5 /* day7.swift in Sources */ = {isa = PBXBuildFile; fileRef = BF63B36C2942876D0040D1C5 /* day7.swift */; };
		BF63B36F2944D5760040D1C5 /* Folder.swift in Sources */ = {isa = PBXBuildFile; fileRef = BF63B36E2944D5760040D1C5 /* Folder.swift */; };
		BF63B3722944E9FF0040D1C5 /* test.swift in Sources */ = {isa = PBXBuildFile; fileRef = BF63B3712944E9FF0040D1C5 /* test.swift */; };
		BF63B376294670B20040D1C5 /* day8.swift in Sources */ = {isa = PBXBuildFile; fileRef = BF63B375294670B20040D1C5 /* day8.swift */; };
		BF63B37829493F1E0040D1C5 /* day9.swift in Sources */ = {isa = PBXBuildFile; fileRef = BF63B37729493F1E0040D1C5 /* day9.swift */; };
		BF63B37A294A6FCD0040D1C5 /* day10.swift in Sources */ = {isa = PBXBuildFile; fileRef = BF63B379294A6FCD0040D1C5 /* day10.swift */; };
		BF63B37C294A8AAE0040D1C5 /* day11.swift in Sources */ = {isa = PBXBuildFile; fileRef = BF63B37B294A8AAE0040D1C5 /* day11.swift */; };
		BF63B37E294A8C220040D1C5 /* Monkey.swift in Sources */ = {isa = PBXBuildFile; fileRef = BF63B37D294A8C220040D1C5 /* Monkey.swift */; };
		BF96CAD92956F95300E7B399 /* day13.swift in Sources */ = {isa = PBXBuildFile; fileRef = BF96CAD82956F95300E7B399 /* day13.swift */; };
		BFDA26EC295373AD00EA03EC /* day12.swift in Sources */ = {isa = PBXBuildFile; fileRef = BFDA26EB295373AD00EA03EC /* day12.swift */; };
/* End PBXBuildFile section */

/* Begin PBXCopyFilesBuildPhase section */
		BF63B34A293A36020040D1C5 /* CopyFiles */ = {
			isa = PBXCopyFilesBuildPhase;
			buildActionMask = 2147483647;
			dstPath = /usr/share/man/man1/;
			dstSubfolderSpec = 0;
			files = (
			);
			runOnlyForDeploymentPostprocessing = 1;
		};
/* End PBXCopyFilesBuildPhase section */

/* Begin PBXFileReference section */
		BF63B34C293A36020040D1C5 /* AdventofCode2022 */ = {isa = PBXFileReference; explicitFileType = "compiled.mach-o.executable"; includeInIndex = 0; path = AdventofCode2022; sourceTree = BUILT_PRODUCTS_DIR; };
		BF63B34F293A36020040D1C5 /* main.swift */ = {isa = PBXFileReference; lastKnownFileType = sourcecode.swift; path = main.swift; sourceTree = "<group>"; };
		BF63B35C293B8DDF0040D1C5 /* day2.swift */ = {isa = PBXFileReference; lastKnownFileType = sourcecode.swift; path = day2.swift; sourceTree = "<group>"; };
		BF63B362293B952B0040D1C5 /* day1.swift */ = {isa = PBXFileReference; lastKnownFileType = sourcecode.swift; path = day1.swift; sourceTree = "<group>"; };
		BF63B364293BD0720040D1C5 /* day3.swift */ = {isa = PBXFileReference; lastKnownFileType = sourcecode.swift; path = day3.swift; sourceTree = "<group>"; };
		BF63B366293D1DBB0040D1C5 /* day4.swift */ = {isa = PBXFileReference; lastKnownFileType = sourcecode.swift; path = day4.swift; sourceTree = "<group>"; };
		BF63B368293E94920040D1C5 /* day5.swift */ = {isa = PBXFileReference; lastKnownFileType = sourcecode.swift; path = day5.swift; sourceTree = "<group>"; };
		BF63B36A293FEF520040D1C5 /* day6.swift */ = {isa = PBXFileReference; lastKnownFileType = sourcecode.swift; path = day6.swift; sourceTree = "<group>"; };
		BF63B36C2942876D0040D1C5 /* day7.swift */ = {isa = PBXFileReference; lastKnownFileType = sourcecode.swift; path = day7.swift; sourceTree = "<group>"; };
		BF63B36E2944D5760040D1C5 /* Folder.swift */ = {isa = PBXFileReference; lastKnownFileType = sourcecode.swift; path = Folder.swift; sourceTree = "<group>"; };
		BF63B3712944E9FF0040D1C5 /* test.swift */ = {isa = PBXFileReference; lastKnownFileType = sourcecode.swift; path = test.swift; sourceTree = "<group>"; };
		BF63B375294670B20040D1C5 /* day8.swift */ = {isa = PBXFileReference; lastKnownFileType = sourcecode.swift; path = day8.swift; sourceTree = "<group>"; };
		BF63B37729493F1E0040D1C5 /* day9.swift */ = {isa = PBXFileReference; lastKnownFileType = sourcecode.swift; path = day9.swift; sourceTree = "<group>"; };
		BF63B379294A6FCD0040D1C5 /* day10.swift */ = {isa = PBXFileReference; lastKnownFileType = sourcecode.swift; path = day10.swift; sourceTree = "<group>"; };
		BF63B37B294A8AAE0040D1C5 /* day11.swift */ = {isa = PBXFileReference; lastKnownFileType = sourcecode.swift; path = day11.swift; sourceTree = "<group>"; };
		BF63B37D294A8C220040D1C5 /* Monkey.swift */ = {isa = PBXFileReference; lastKnownFileType = sourcecode.swift; path = Monkey.swift; sourceTree = "<group>"; };
		BF96CAD82956F95300E7B399 /* day13.swift */ = {isa = PBXFileReference; lastKnownFileType = sourcecode.swift; path = day13.swift; sourceTree = "<group>"; };
		BFDA26EB295373AD00EA03EC /* day12.swift */ = {isa = PBXFileReference; lastKnownFileType = sourcecode.swift; path = day12.swift; sourceTree = "<group>"; };
/* End PBXFileReference section */

/* Begin PBXFrameworksBuildPhase section */
		BF63B349293A36020040D1C5 /* Frameworks */ = {
			isa = PBXFrameworksBuildPhase;
			buildActionMask = 2147483647;
			files = (
			);
			runOnlyForDeploymentPostprocessing = 0;
		};
/* End PBXFrameworksBuildPhase section */

/* Begin PBXGroup section */
		BF63B343293A36020040D1C5 = {
			isa = PBXGroup;
			children = (
				BF63B3742946709A0040D1C5 /* AdventofCode2022 */,
				BF63B34D293A36020040D1C5 /* Products */,
			);
			sourceTree = "<group>";
		};
		BF63B34D293A36020040D1C5 /* Products */ = {
			isa = PBXGroup;
			children = (
				BF63B34C293A36020040D1C5 /* AdventofCode2022 */,
			);
			name = Products;
			sourceTree = "<group>";
		};
		BF63B3742946709A0040D1C5 /* AdventofCode2022 */ = {
			isa = PBXGroup;
			children = (
				BF96CAD82956F95300E7B399 /* day13.swift */,
				BFDA26EB295373AD00EA03EC /* day12.swift */,
				BF63B379294A6FCD0040D1C5 /* day10.swift */,
				BF63B37729493F1E0040D1C5 /* day9.swift */,
				BF63B375294670B20040D1C5 /* day8.swift */,
				BF63B3712944E9FF0040D1C5 /* test.swift */,
				BF63B36E2944D5760040D1C5 /* Folder.swift */,
				BF63B368293E94920040D1C5 /* day5.swift */,
				BF63B364293BD0720040D1C5 /* day3.swift */,
				BF63B34F293A36020040D1C5 /* main.swift */,
				BF63B37B294A8AAE0040D1C5 /* day11.swift */,
				BF63B37D294A8C220040D1C5 /* Monkey.swift */,
				BF63B36C2942876D0040D1C5 /* day7.swift */,
				BF63B36A293FEF520040D1C5 /* day6.swift */,
				BF63B366293D1DBB0040D1C5 /* day4.swift */,
				BF63B362293B952B0040D1C5 /* day1.swift */,
				BF63B35C293B8DDF0040D1C5 /* day2.swift */,
			);
			path = AdventofCode2022;
			sourceTree = "<group>";
		};
/* End PBXGroup section */

/* Begin PBXNativeTarget section */
		BF63B34B293A36020040D1C5 /* AdventofCode2022 */ = {
			isa = PBXNativeTarget;
			buildConfigurationList = BF63B353293A36020040D1C5 /* Build configuration list for PBXNativeTarget "AdventofCode2022" */;
			buildPhases = (
				BF63B348293A36020040D1C5 /* Sources */,
				BF63B349293A36020040D1C5 /* Frameworks */,
				BF63B34A293A36020040D1C5 /* CopyFiles */,
			);
			buildRules = (
			);
			dependencies = (
			);
			name = AdventofCode2022;
			productName = AdventofCode2022;
			productReference = BF63B34C293A36020040D1C5 /* AdventofCode2022 */;
			productType = "com.apple.product-type.tool";
		};
/* End PBXNativeTarget section */

/* Begin PBXProject section */
		BF63B344293A36020040D1C5 /* Project object */ = {
			isa = PBXProject;
			attributes = {
				BuildIndependentTargetsInParallel = 1;
				LastSwiftUpdateCheck = 1400;
				LastUpgradeCheck = 1400;
				TargetAttributes = {
					BF63B34B293A36020040D1C5 = {
						CreatedOnToolsVersion = 14.0.1;
					};
				};
			};
			buildConfigurationList = BF63B347293A36020040D1C5 /* Build configuration list for PBXProject "AdventofCode2022" */;
			compatibilityVersion = "Xcode 14.0";
			developmentRegion = en;
			hasScannedForEncodings = 0;
			knownRegions = (
				en,
				Base,
			);
			mainGroup = BF63B343293A36020040D1C5;
			productRefGroup = BF63B34D293A36020040D1C5 /* Products */;
			projectDirPath = "";
			projectRoot = "";
			targets = (
				BF63B34B293A36020040D1C5 /* AdventofCode2022 */,
			);
		};
/* End PBXProject section */

/* Begin PBXSourcesBuildPhase section */
		BF63B348293A36020040D1C5 /* Sources */ = {
			isa = PBXSourcesBuildPhase;
			buildActionMask = 2147483647;
			files = (
				BF63B35D293B8DDF0040D1C5 /* day2.swift in Sources */,
				BF63B365293BD0720040D1C5 /* day3.swift in Sources */,
				BF63B37C294A8AAE0040D1C5 /* day11.swift in Sources */,
				BF63B36D2942876D0040D1C5 /* day7.swift in Sources */,
				BF63B3722944E9FF0040D1C5 /* test.swift in Sources */,
				BF63B37A294A6FCD0040D1C5 /* day10.swift in Sources */,
				BF63B37829493F1E0040D1C5 /* day9.swift in Sources */,
				BFDA26EC295373AD00EA03EC /* day12.swift in Sources */,
				BF63B376294670B20040D1C5 /* day8.swift in Sources */,
				BF63B363293B952B0040D1C5 /* day1.swift in Sources */,
				BF63B36B293FEF530040D1C5 /* day6.swift in Sources */,
				BF96CAD92956F95300E7B399 /* day13.swift in Sources */,
				BF63B367293D1DBB0040D1C5 /* day4.swift in Sources */,
				BF63B369293E94920040D1C5 /* day5.swift in Sources */,
				BF63B350293A36020040D1C5 /* main.swift in Sources */,
				BF63B37E294A8C220040D1C5 /* Monkey.swift in Sources */,
				BF63B36F2944D5760040D1C5 /* Folder.swift in Sources */,
			);
			runOnlyForDeploymentPostprocessing = 0;
		};
/* End PBXSourcesBuildPhase section */

/* Begin XCBuildConfiguration section */
		BF63B351293A36020040D1C5 /* Debug */ = {
			isa = XCBuildConfiguration;
			buildSettings = {
				ALWAYS_SEARCH_USER_PATHS = NO;
				CLANG_ANALYZER_NONNULL = YES;
				CLANG_ANALYZER_NUMBER_OBJECT_CONVERSION = YES_AGGRESSIVE;
				CLANG_CXX_LANGUAGE_STANDARD = "gnu++20";
				CLANG_ENABLE_MODULES = YES;
				CLANG_ENABLE_OBJC_ARC = YES;
				CLANG_ENABLE_OBJC_WEAK = YES;
				CLANG_WARN_BLOCK_CAPTURE_AUTORELEASING = YES;
				CLANG_WARN_BOOL_CONVERSION = YES;
				CLANG_WARN_COMMA = YES;
				CLANG_WARN_CONSTANT_CONVERSION = YES;
				CLANG_WARN_DEPRECATED_OBJC_IMPLEMENTATIONS = YES;
				CLANG_WARN_DIRECT_OBJC_ISA_USAGE = YES_ERROR;
				CLANG_WARN_DOCUMENTATION_COMMENTS = YES;
				CLANG_WARN_EMPTY_BODY = YES;
				CLANG_WARN_ENUM_CONVERSION = YES;
				CLANG_WARN_INFINITE_RECURSION = YES;
				CLANG_WARN_INT_CONVERSION = YES;
				CLANG_WARN_NON_LITERAL_NULL_CONVERSION = YES;
				CLANG_WARN_OBJC_IMPLICIT_RETAIN_SELF = YES;
				CLANG_WARN_OBJC_LITERAL_CONVERSION = YES;
				CLANG_WARN_OBJC_ROOT_CLASS = YES_ERROR;
				CLANG_WARN_QUOTED_INCLUDE_IN_FRAMEWORK_HEADER = YES;
				CLANG_WARN_RANGE_LOOP_ANALYSIS = YES;
				CLANG_WARN_STRICT_PROTOTYPES = YES;
				CLANG_WARN_SUSPICIOUS_MOVE = YES;
				CLANG_WARN_UNGUARDED_AVAILABILITY = YES_AGGRESSIVE;
				CLANG_WARN_UNREACHABLE_CODE = YES;
				CLANG_WARN__DUPLICATE_METHOD_MATCH = YES;
				COPY_PHASE_STRIP = NO;
				DEBUG_INFORMATION_FORMAT = dwarf;
				ENABLE_STRICT_OBJC_MSGSEND = YES;
				ENABLE_TESTABILITY = YES;
				GCC_C_LANGUAGE_STANDARD = gnu11;
				GCC_DYNAMIC_NO_PIC = NO;
				GCC_NO_COMMON_BLOCKS = YES;
				GCC_OPTIMIZATION_LEVEL = 0;
				GCC_PREPROCESSOR_DEFINITIONS = (
					"DEBUG=1",
					"$(inherited)",
				);
				GCC_WARN_64_TO_32_BIT_CONVERSION = YES;
				GCC_WARN_ABOUT_RETURN_TYPE = YES_ERROR;
				GCC_WARN_UNDECLARED_SELECTOR = YES;
				GCC_WARN_UNINITIALIZED_AUTOS = YES_AGGRESSIVE;
				GCC_WARN_UNUSED_FUNCTION = YES;
				GCC_WARN_UNUSED_VARIABLE = YES;
				MACOSX_DEPLOYMENT_TARGET = 12.3;
				MTL_ENABLE_DEBUG_INFO = INCLUDE_SOURCE;
				MTL_FAST_MATH = YES;
				ONLY_ACTIVE_ARCH = YES;
				SDKROOT = macosx;
				SWIFT_ACTIVE_COMPILATION_CONDITIONS = DEBUG;
				SWIFT_OPTIMIZATION_LEVEL = "-Onone";
			};
			name = Debug;
		};
		BF63B352293A36020040D1C5 /* Release */ = {
			isa = XCBuildConfiguration;
			buildSettings = {
				ALWAYS_SEARCH_USER_PATHS = NO;
				CLANG_ANALYZER_NONNULL = YES;
				CLANG_ANALYZER_NUMBER_OBJECT_CONVERSION = YES_AGGRESSIVE;
				CLANG_CXX_LANGUAGE_STANDARD = "gnu++20";
				CLANG_ENABLE_MODULES = YES;
				CLANG_ENABLE_OBJC_ARC = YES;
				CLANG_ENABLE_OBJC_WEAK = YES;
				CLANG_WARN_BLOCK_CAPTURE_AUTORELEASING = YES;
				CLANG_WARN_BOOL_CONVERSION = YES;
				CLANG_WARN_COMMA = YES;
				CLANG_WARN_CONSTANT_CONVERSION = YES;
				CLANG_WARN_DEPRECATED_OBJC_IMPLEMENTATIONS = YES;
				CLANG_WARN_DIRECT_OBJC_ISA_USAGE = YES_ERROR;
				CLANG_WARN_DOCUMENTATION_COMMENTS = YES;
				CLANG_WARN_EMPTY_BODY = YES;
				CLANG_WARN_ENUM_CONVERSION = YES;
				CLANG_WARN_INFINITE_RECURSION = YES;
				CLANG_WARN_INT_CONVERSION = YES;
				CLANG_WARN_NON_LITERAL_NULL_CONVERSION = YES;
				CLANG_WARN_OBJC_IMPLICIT_RETAIN_SELF = YES;
				CLANG_WARN_OBJC_LITERAL_CONVERSION = YES;
				CLANG_WARN_OBJC_ROOT_CLASS = YES_ERROR;
				CLANG_WARN_QUOTED_INCLUDE_IN_FRAMEWORK_HEADER = YES;
				CLANG_WARN_RANGE_LOOP_ANALYSIS = YES;
				CLANG_WARN_STRICT_PROTOTYPES = YES;
				CLANG_WARN_SUSPICIOUS_MOVE = YES;
				CLANG_WARN_UNGUARDED_AVAILABILITY = YES_AGGRESSIVE;
				CLANG_WARN_UNREACHABLE_CODE = YES;
				CLANG_WARN__DUPLICATE_METHOD_MATCH = YES;
				COPY_PHASE_STRIP = NO;
				DEBUG_INFORMATION_FORMAT = "dwarf-with-dsym";
				ENABLE_NS_ASSERTIONS = NO;
				ENABLE_STRICT_OBJC_MSGSEND = YES;
				GCC_C_LANGUAGE_STANDARD = gnu11;
				GCC_NO_COMMON_BLOCKS = YES;
				GCC_WARN_64_TO_32_BIT_CONVERSION = YES;
				GCC_WARN_ABOUT_RETURN_TYPE = YES_ERROR;
				GCC_WARN_UNDECLARED_SELECTOR = YES;
				GCC_WARN_UNINITIALIZED_AUTOS = YES_AGGRESSIVE;
				GCC_WARN_UNUSED_FUNCTION = YES;
				GCC_WARN_UNUSED_VARIABLE = YES;
				MACOSX_DEPLOYMENT_TARGET = 12.3;
				MTL_ENABLE_DEBUG_INFO = NO;
				MTL_FAST_MATH = YES;
				SDKROOT = macosx;
				SWIFT_COMPILATION_MODE = wholemodule;
				SWIFT_OPTIMIZATION_LEVEL = "-O";
			};
			name = Release;
		};
		BF63B354293A36020040D1C5 /* Debug */ = {
			isa = XCBuildConfiguration;
			buildSettings = {
				CODE_SIGN_STYLE = Automatic;
				DEVELOPMENT_TEAM = 3P6XZJM9SN;
				ENABLE_HARDENED_RUNTIME = YES;
				PRODUCT_NAME = "$(TARGET_NAME)";
				SWIFT_VERSION = 5.0;
			};
			name = Debug;
		};
		BF63B355293A36020040D1C5 /* Release */ = {
			isa = XCBuildConfiguration;
			buildSettings = {
				CODE_SIGN_STYLE = Automatic;
				DEVELOPMENT_TEAM = 3P6XZJM9SN;
				ENABLE_HARDENED_RUNTIME = YES;
				PRODUCT_NAME = "$(TARGET_NAME)";
				SWIFT_VERSION = 5.0;
			};
			name = Release;
		};
/* End XCBuildConfiguration section */

/* Begin XCConfigurationList section */
		BF63B347293A36020040D1C5 /* Build configuration list for PBXProject "AdventofCode2022" */ = {
			isa = XCConfigurationList;
			buildConfigurations = (
				BF63B351293A36020040D1C5 /* Debug */,
				BF63B352293A36020040D1C5 /* Release */,
			);
			defaultConfigurationIsVisible = 0;
			defaultConfigurationName = Release;
		};
		BF63B353293A36020040D1C5 /* Build configuration list for PBXNativeTarget "AdventofCode2022" */ = {
			isa = XCConfigurationList;
			buildConfigurations = (
				BF63B354293A36020040D1C5 /* Debug */,
				BF63B355293A36020040D1C5 /* Release */,
			);
			defaultConfigurationIsVisible = 0;
			defaultConfigurationName = Release;
		};
/* End XCConfigurationList section */
	};
	rootObject = BF63B344293A36020040D1C5 /* Project object */;
}
